// !$*UTF8*$!
{
	archiveVersion = 1;
	classes = {
	};
	objectVersion = 46;
	objects = {

/* Begin PBXBuildFile section */
		178AD1471B75472500F4FB43 /* main.m in Sources */ = {isa = PBXBuildFile; fileRef = 178AD1461B75472500F4FB43 /* main.m */; };
		178AD14A1B75472500F4FB43 /* AppDelegate.m in Sources */ = {isa = PBXBuildFile; fileRef = 178AD1491B75472500F4FB43 /* AppDelegate.m */; };
		178AD14D1B75472500F4FB43 /* ViewController.m in Sources */ = {isa = PBXBuildFile; fileRef = 178AD14C1B75472500F4FB43 /* ViewController.m */; };
		178AD1501B75472500F4FB43 /* Main.storyboard in Resources */ = {isa = PBXBuildFile; fileRef = 178AD14E1B75472500F4FB43 /* Main.storyboard */; };
		178AD1521B75472500F4FB43 /* Images.xcassets in Resources */ = {isa = PBXBuildFile; fileRef = 178AD1511B75472500F4FB43 /* Images.xcassets */; };
		178AD1551B75472500F4FB43 /* LaunchScreen.xib in Resources */ = {isa = PBXBuildFile; fileRef = 178AD1531B75472500F4FB43 /* LaunchScreen.xib */; };
		178AD1611B75472500F4FB43 /* __3_UISwitchTests.m in Sources */ = {isa = PBXBuildFile; fileRef = 178AD1601B75472500F4FB43 /* __3_UISwitchTests.m */; };
/* End PBXBuildFile section */

/* Begin PBXContainerItemProxy section */
		178AD15B1B75472500F4FB43 /* PBXContainerItemProxy */ = {
			isa = PBXContainerItemProxy;
			containerPortal = 178AD1391B75472500F4FB43 /* Project object */;
			proxyType = 1;
			remoteGlobalIDString = 178AD1401B75472500F4FB43;
			remoteInfo = 1_3_UISwitch;
		};
/* End PBXContainerItemProxy section */

/* Begin PBXFileReference section */
		178AD1411B75472500F4FB43 /* 1_3_UISwitch.app */ = {isa = PBXFileReference; explicitFileType = wrapper.application; includeInIndex = 0; path = 1_3_UISwitch.app; sourceTree = BUILT_PRODUCTS_DIR; };
		178AD1451B75472500F4FB43 /* Info.plist */ = {isa = PBXFileReference; lastKnownFileType = text.plist.xml; path = Info.plist; sourceTree = "<group>"; };
		178AD1461B75472500F4FB43 /* main.m */ = {isa = PBXFileReference; lastKnownFileType = sourcecode.c.objc; path = main.m; sourceTree = "<group>"; };
		178AD1481B75472500F4FB43 /* AppDelegate.h */ = {isa = PBXFileReference; lastKnownFileType = sourcecode.c.h; path = AppDelegate.h; sourceTree = "<group>"; };
		178AD1491B75472500F4FB43 /* AppDelegate.m */ = {isa = PBXFileReference; lastKnownFileType = sourcecode.c.objc; path = AppDelegate.m; sourceTree = "<group>"; };
		178AD14B1B75472500F4FB43 /* ViewController.h */ = {isa = PBXFileReference; lastKnownFileType = sourcecode.c.h; path = ViewController.h; sourceTree = "<group>"; };
		178AD14C1B75472500F4FB43 /* ViewController.m */ = {isa = PBXFileReference; lastKnownFileType = sourcecode.c.objc; path = ViewController.m; sourceTree = "<group>"; };
		178AD14F1B75472500F4FB43 /* Base */ = {isa = PBXFileReference; lastKnownFileType = file.storyboard; name = Base; path = Base.lproj/Main.storyboard; sourceTree = "<group>"; };
		178AD1511B75472500F4FB43 /* Images.xcassets */ = {isa = PBXFileReference; lastKnownFileType = folder.assetcatalog; path = Images.xcassets; sourceTree = "<group>"; };
		178AD1541B75472500F4FB43 /* Base */ = {isa = PBXFileReference; lastKnownFileType = file.xib; name = Base; path = Base.lproj/LaunchScreen.xib; sourceTree = "<group>"; };
		178AD15A1B75472500F4FB43 /* 1_3_UISwitchTests.xctest */ = {isa = PBXFileReference; explicitFileType = wrapper.cfbundle; includeInIndex = 0; path = 1_3_UISwitchTests.xctest; sourceTree = BUILT_PRODUCTS_DIR; };
		178AD15F1B75472500F4FB43 /* Info.plist */ = {isa = PBXFileReference; lastKnownFileType = text.plist.xml; path = Info.plist; sourceTree = "<group>"; };
		178AD1601B75472500F4FB43 /* __3_UISwitchTests.m */ = {isa = PBXFileReference; lastKnownFileType = sourcecode.c.objc; path = __3_UISwitchTests.m; sourceTree = "<group>"; };
/* End PBXFileReference section */

/* Begin PBXFrameworksBuildPhase section */
		178AD13E1B75472500F4FB43 /* Frameworks */ = {
			isa = PBXFrameworksBuildPhase;
			buildActionMask = 2147483647;
			files = (
			);
			runOnlyForDeploymentPostprocessing = 0;
		};
		178AD1571B75472500F4FB43 /* Frameworks */ = {
			isa = PBXFrameworksBuildPhase;
			buildActionMask = 2147483647;
			files = (
			);
			runOnlyForDeploymentPostprocessing = 0;
		};
/* End PBXFrameworksBuildPhase section */

/* Begin PBXGroup section */
		178AD1381B75472500F4FB43 = {
			isa = PBXGroup;
			children = (
				178AD1431B75472500F4FB43 /* 1_3_UISwitch */,
				178AD15D1B75472500F4FB43 /* 1_3_UISwitchTests */,
				178AD1421B75472500F4FB43 /* Products */,
			);
			sourceTree = "<group>";
		};
		178AD1421B75472500F4FB43 /* Products */ = {
			isa = PBXGroup;
			children = (
				178AD1411B75472500F4FB43 /* 1_3_UISwitch.app */,
				178AD15A1B75472500F4FB43 /* 1_3_UISwitchTests.xctest */,
			);
			name = Products;
			sourceTree = "<group>";
		};
		178AD1431B75472500F4FB43 /* 1_3_UISwitch */ = {
			isa = PBXGroup;
			children = (
				178AD1481B75472500F4FB43 /* AppDelegate.h */,
				178AD1491B75472500F4FB43 /* AppDelegate.m */,
				178AD14B1B75472500F4FB43 /* ViewController.h */,
				178AD14C1B75472500F4FB43 /* ViewController.m */,
				178AD14E1B75472500F4FB43 /* Main.storyboard */,
				178AD1511B75472500F4FB43 /* Images.xcassets */,
				178AD1531B75472500F4FB43 /* LaunchScreen.xib */,
				178AD1441B75472500F4FB43 /* Supporting Files */,
			);
			path = 1_3_UISwitch;
			sourceTree = "<group>";
		};
		178AD1441B75472500F4FB43 /* Supporting Files */ = {
			isa = PBXGroup;
			children = (
				178AD1451B75472500F4FB43 /* Info.plist */,
				178AD1461B75472500F4FB43 /* main.m */,
			);
			name = "Supporting Files";
			sourceTree = "<group>";
		};
		178AD15D1B75472500F4FB43 /* 1_3_UISwitchTests */ = {
			isa = PBXGroup;
			children = (
				178AD1601B75472500F4FB43 /* __3_UISwitchTests.m */,
				178AD15E1B75472500F4FB43 /* Supporting Files */,
			);
			path = 1_3_UISwitchTests;
			sourceTree = "<group>";
		};
		178AD15E1B75472500F4FB43 /* Supporting Files */ = {
			isa = PBXGroup;
			children = (
				178AD15F1B75472500F4FB43 /* Info.plist */,
			);
			name = "Supporting Files";
			sourceTree = "<group>";
		};
/* End PBXGroup section */

/* Begin PBXNativeTarget section */
		178AD1401B75472500F4FB43 /* 1_3_UISwitch */ = {
			isa = PBXNativeTarget;
			buildConfigurationList = 178AD1641B75472500F4FB43 /* Build configuration list for PBXNativeTarget "1_3_UISwitch" */;
			buildPhases = (
				178AD13D1B75472500F4FB43 /* Sources */,
				178AD13E1B75472500F4FB43 /* Frameworks */,
				178AD13F1B75472500F4FB43 /* Resources */,
			);
			buildRules = (
			);
			dependencies = (
			);
			name = 1_3_UISwitch;
			productName = 1_3_UISwitch;
			productReference = 178AD1411B75472500F4FB43 /* 1_3_UISwitch.app */;
			productType = "com.apple.product-type.application";
		};
		178AD1591B75472500F4FB43 /* 1_3_UISwitchTests */ = {
			isa = PBXNativeTarget;
			buildConfigurationList = 178AD1671B75472500F4FB43 /* Build configuration list for PBXNativeTarget "1_3_UISwitchTests" */;
			buildPhases = (
				178AD1561B75472500F4FB43 /* Sources */,
				178AD1571B75472500F4FB43 /* Frameworks */,
				178AD1581B75472500F4FB43 /* Resources */,
			);
			buildRules = (
			);
			dependencies = (
				178AD15C1B75472500F4FB43 /* PBXTargetDependency */,
			);
			name = 1_3_UISwitchTests;
			productName = 1_3_UISwitchTests;
			productReference = 178AD15A1B75472500F4FB43 /* 1_3_UISwitchTests.xctest */;
			productType = "com.apple.product-type.bundle.unit-test";
		};
/* End PBXNativeTarget section */

/* Begin PBXProject section */
		178AD1391B75472500F4FB43 /* Project object */ = {
			isa = PBXProject;
			attributes = {
				LastUpgradeCheck = 0640;
				ORGANIZATIONNAME = "Alex Izotov";
				TargetAttributes = {
					178AD1401B75472500F4FB43 = {
						CreatedOnToolsVersion = 6.4;
					};
					178AD1591B75472500F4FB43 = {
						CreatedOnToolsVersion = 6.4;
						TestTargetID = 178AD1401B75472500F4FB43;
					};
				};
			};
			buildConfigurationList = 178AD13C1B75472500F4FB43 /* Build configuration list for PBXProject "1_3_UISwitch" */;
			compatibilityVersion = "Xcode 3.2";
			developmentRegion = English;
			hasScannedForEncodings = 0;
			knownRegions = (
				en,
				Base,
			);
			mainGroup = 178AD1381B75472500F4FB43;
			productRefGroup = 178AD1421B75472500F4FB43 /* Products */;
			projectDirPath = "";
			projectRoot = "";
			targets = (
				178AD1401B75472500F4FB43 /* 1_3_UISwitch */,
				178AD1591B75472500F4FB43 /* 1_3_UISwitchTests */,
			);
		};
/* End PBXProject section */

/* Begin PBXResourcesBuildPhase section */
		178AD13F1B75472500F4FB43 /* Resources */ = {
			isa = PBXResourcesBuildPhase;
			buildActionMask = 2147483647;
			files = (
				178AD1501B75472500F4FB43 /* Main.storyboard in Resources */,
				178AD1551B75472500F4FB43 /* LaunchScreen.xib in Resources */,
				178AD1521B75472500F4FB43 /* Images.xcassets in Resources */,
			);
			runOnlyForDeploymentPostprocessing = 0;
		};
		178AD1581B75472500F4FB43 /* Resources */ = {
			isa = PBXResourcesBuildPhase;
			buildActionMask = 2147483647;
			files = (
			);
			runOnlyForDeploymentPostprocessing = 0;
		};
/* End PBXResourcesBuildPhase section */

/* Begin PBXSourcesBuildPhase section */
		178AD13D1B75472500F4FB43 /* Sources */ = {
			isa = PBXSourcesBuildPhase;
			buildActionMask = 2147483647;
			files = (
				178AD14D1B75472500F4FB43 /* ViewController.m in Sources */,
				178AD14A1B75472500F4FB43 /* AppDelegate.m in Sources */,
				178AD1471B75472500F4FB43 /* main.m in Sources */,
			);
			runOnlyForDeploymentPostprocessing = 0;
		};
		178AD1561B75472500F4FB43 /* Sources */ = {
			isa = PBXSourcesBuildPhase;
			buildActionMask = 2147483647;
			files = (
				178AD1611B75472500F4FB43 /* __3_UISwitchTests.m in Sources */,
			);
			runOnlyForDeploymentPostprocessing = 0;
		};
/* End PBXSourcesBuildPhase section */

/* Begin PBXTargetDependency section */
		178AD15C1B75472500F4FB43 /* PBXTargetDependency */ = {
			isa = PBXTargetDependency;
			target = 178AD1401B75472500F4FB43 /* 1_3_UISwitch */;
			targetProxy = 178AD15B1B75472500F4FB43 /* PBXContainerItemProxy */;
		};
/* End PBXTargetDependency section */

/* Begin PBXVariantGroup section */
		178AD14E1B75472500F4FB43 /* Main.storyboard */ = {
			isa = PBXVariantGroup;
			children = (
				178AD14F1B75472500F4FB43 /* Base */,
			);
			name = Main.storyboard;
			sourceTree = "<group>";
		};
		178AD1531B75472500F4FB43 /* LaunchScreen.xib */ = {
			isa = PBXVariantGroup;
			children = (
				178AD1541B75472500F4FB43 /* Base */,
			);
			name = LaunchScreen.xib;
			sourceTree = "<group>";
		};
/* End PBXVariantGroup section */

/* Begin XCBuildConfiguration section */
		178AD1621B75472500F4FB43 /* Debug */ = {
			isa = XCBuildConfiguration;
			buildSettings = {
				ALWAYS_SEARCH_USER_PATHS = NO;
				CLANG_CXX_LANGUAGE_STANDARD = "gnu++0x";
				CLANG_CXX_LIBRARY = "libc++";
				CLANG_ENABLE_MODULES = YES;
				CLANG_ENABLE_OBJC_ARC = YES;
				CLANG_WARN_BOOL_CONVERSION = YES;
				CLANG_WARN_CONSTANT_CONVERSION = YES;
				CLANG_WARN_DIRECT_OBJC_ISA_USAGE = YES_ERROR;
				CLANG_WARN_EMPTY_BODY = YES;
				CLANG_WARN_ENUM_CONVERSION = YES;
				CLANG_WARN_INT_CONVERSION = YES;
				CLANG_WARN_OBJC_ROOT_CLASS = YES_ERROR;
				CLANG_WARN_UNREACHABLE_CODE = YES;
				CLANG_WARN__DUPLICATE_METHOD_MATCH = YES;
				"CODE_SIGN_IDENTITY[sdk=iphoneos*]" = "iPhone Developer";
				COPY_PHASE_STRIP = NO;
				DEBUG_INFORMATION_FORMAT = "dwarf-with-dsym";
				ENABLE_STRICT_OBJC_MSGSEND = YES;
				GCC_C_LANGUAGE_STANDARD = gnu99;
				GCC_DYNAMIC_NO_PIC = NO;
				GCC_NO_COMMON_BLOCKS = YES;
				GCC_OPTIMIZATION_LEVEL = 0;
				GCC_PREPROCESSOR_DEFINITIONS = (
					"DEBUG=1",
					"$(inherited)",
				);
				GCC_SYMBOLS_PRIVATE_EXTERN = NO;
				GCC_WARN_64_TO_32_BIT_CONVERSION = YES;
				GCC_WARN_ABOUT_RETURN_TYPE = YES_ERROR;
				GCC_WARN_UNDECLARED_SELECTOR = YES;
				GCC_WARN_UNINITIALIZED_AUTOS = YES_AGGRESSIVE;
				GCC_WARN_UNUSED_FUNCTION = YES;
				GCC_WARN_UNUSED_VARIABLE = YES;
				IPHONEOS_DEPLOYMENT_TARGET = 8.4;
				MTL_ENABLE_DEBUG_INFO = YES;
				ONLY_ACTIVE_ARCH = YES;
				SDKROOT = iphoneos;
			};
			name = Debug;
		};
		178AD1631B75472500F4FB43 /* Release */ = {
			isa = XCBuildConfiguration;
			buildSettings = {
				ALWAYS_SEARCH_USER_PATHS = NO;
				CLANG_CXX_LANGUAGE_STANDARD = "gnu++0x";
				CLANG_CXX_LIBRARY = "libc++";
				CLANG_ENABLE_MODULES = YES;
				CLANG_ENABLE_OBJC_ARC = YES;
				CLANG_WARN_BOOL_CONVERSION = YES;
				CLANG_WARN_CONSTANT_CONVERSION = YES;
				CLANG_WARN_DIRECT_OBJC_ISA_USAGE = YES_ERROR;
				CLANG_WARN_EMPTY_BODY = YES;
				CLANG_WARN_ENUM_CONVERSION = YES;
				CLANG_WARN_INT_CONVERSION = YES;
				CLANG_WARN_OBJC_ROOT_CLASS = YES_ERROR;
				CLANG_WARN_UNREACHABLE_CODE = YES;
				CLANG_WARN__DUPLICATE_METHOD_MATCH = YES;
				"CODE_SIGN_IDENTITY[sdk=iphoneos*]" = "iPhone Developer";
				COPY_PHASE_STRIP = NO;
				DEBUG_INFORMATION_FORMAT = "dwarf-with-dsym";
				ENABLE_NS_ASSERTIONS = NO;
				ENABLE_STRICT_OBJC_MSGSEND = YES;
				GCC_C_LANGUAGE_STANDARD = gnu99;
				GCC_NO_COMMON_BLOCKS = YES;
				GCC_WARN_64_TO_32_BIT_CONVERSION = YES;
				GCC_WARN_ABOUT_RETURN_TYPE = YES_ERROR;
				GCC_WARN_UNDECLARED_SELECTOR = YES;
				GCC_WARN_UNINITIALIZED_AUTOS = YES_AGGRESSIVE;
				GCC_WARN_UNUSED_FUNCTION = YES;
				GCC_WARN_UNUSED_VARIABLE = YES;
				IPHONEOS_DEPLOYMENT_TARGET = 8.4;
				MTL_ENABLE_DEBUG_INFO = NO;
				SDKROOT = iphoneos;
				VALIDATE_PRODUCT = YES;
			};
			name = Release;
		};
		178AD1651B75472500F4FB43 /* Debug */ = {
			isa = XCBuildConfiguration;
			buildSettings = {
				ASSETCATALOG_COMPILER_APPICON_NAME = AppIcon;
				INFOPLIST_FILE = 1_3_UISwitch/Info.plist;
				LD_RUNPATH_SEARCH_PATHS = "$(inherited) @executable_path/Frameworks";
				PRODUCT_NAME = "$(TARGET_NAME)";
			};
			name = Debug;
		};
		178AD1661B75472500F4FB43 /* Release */ = {
			isa = XCBuildConfiguration;
			buildSettings = {
				ASSETCATALOG_COMPILER_APPICON_NAME = AppIcon;
				INFOPLIST_FILE = 1_3_UISwitch/Info.plist;
				LD_RUNPATH_SEARCH_PATHS = "$(inherited) @executable_path/Frameworks";
				PRODUCT_NAME = "$(TARGET_NAME)";
			};
			name = Release;
		};
		178AD1681B75472500F4FB43 /* Debug */ = {
			isa = XCBuildConfiguration;
			buildSettings = {
				BUNDLE_LOADER = "$(TEST_HOST)";
				FRAMEWORK_SEARCH_PATHS = (
					"$(SDKROOT)/Developer/Library/Frameworks",
					"$(inherited)",
				);
				GCC_PREPROCESSOR_DEFINITIONS = (
					"DEBUG=1",
					"$(inherited)",
				);
				INFOPLIST_FILE = 1_3_UISwitchTests/Info.plist;
				LD_RUNPATH_SEARCH_PATHS = "$(inherited) @executable_path/Frameworks @loader_path/Frameworks";
				PRODUCT_NAME = "$(TARGET_NAME)";
				TEST_HOST = "$(BUILT_PRODUCTS_DIR)/1_3_UISwitch.app/1_3_UISwitch";
			};
			name = Debug;
		};
		178AD1691B75472500F4FB43 /* Release */ = {
			isa = XCBuildConfiguration;
			buildSettings = {
				BUNDLE_LOADER = "$(TEST_HOST)";
				FRAMEWORK_SEARCH_PATHS = (
					"$(SDKROOT)/Developer/Library/Frameworks",
					"$(inherited)",
				);
				INFOPLIST_FILE = 1_3_UISwitchTests/Info.plist;
				LD_RUNPATH_SEARCH_PATHS = "$(inherited) @executable_path/Frameworks @loader_path/Frameworks";
				PRODUCT_NAME = "$(TARGET_NAME)";
				TEST_HOST = "$(BUILT_PRODUCTS_DIR)/1_3_UISwitch.app/1_3_UISwitch";
			};
			name = Release;
		};
/* End XCBuildConfiguration section */

/* Begin XCConfigurationList section */
		178AD13C1B75472500F4FB43 /* Build configuration list for PBXProject "1_3_UISwitch" */ = {
			isa = XCConfigurationList;
			buildConfigurations = (
				178AD1621B75472500F4FB43 /* Debug */,
				178AD1631B75472500F4FB43 /* Release */,
			);
			defaultConfigurationIsVisible = 0;
			defaultConfigurationName = Release;
		};
		178AD1641B75472500F4FB43 /* Build configuration list for PBXNativeTarget "1_3_UISwitch" */ = {
			isa = XCConfigurationList;
			buildConfigurations = (
				178AD1651B75472500F4FB43 /* Debug */,
				178AD1661B75472500F4FB43 /* Release */,
			);
			defaultConfigurationIsVisible = 0;
		};
		178AD1671B75472500F4FB43 /* Build configuration list for PBXNativeTarget "1_3_UISwitchTests" */ = {
			isa = XCConfigurationList;
			buildConfigurations = (
				178AD1681B75472500F4FB43 /* Debug */,
				178AD1691B75472500F4FB43 /* Release */,
			);
			defaultConfigurationIsVisible = 0;
		};
/* End XCConfigurationList section */
	};
	rootObject = 178AD1391B75472500F4FB43 /* Project object */;
}
