// !$*UTF8*$!
{
	archiveVersion = 1;
	classes = {
	};
	objectVersion = 46;
	objects = {

/* Begin PBXBuildFile section */
		1793C1831B7B699B00FCCBB8 /* main.m in Sources */ = {isa = PBXBuildFile; fileRef = 1793C1821B7B699B00FCCBB8 /* main.m */; };
		1793C1861B7B699B00FCCBB8 /* AppDelegate.m in Sources */ = {isa = PBXBuildFile; fileRef = 1793C1851B7B699B00FCCBB8 /* AppDelegate.m */; };
		1793C1891B7B699B00FCCBB8 /* ViewController.m in Sources */ = {isa = PBXBuildFile; fileRef = 1793C1881B7B699B00FCCBB8 /* ViewController.m */; };
		1793C18C1B7B699C00FCCBB8 /* Main.storyboard in Resources */ = {isa = PBXBuildFile; fileRef = 1793C18A1B7B699C00FCCBB8 /* Main.storyboard */; };
		1793C18E1B7B699C00FCCBB8 /* Images.xcassets in Resources */ = {isa = PBXBuildFile; fileRef = 1793C18D1B7B699C00FCCBB8 /* Images.xcassets */; };
		1793C1911B7B699C00FCCBB8 /* LaunchScreen.xib in Resources */ = {isa = PBXBuildFile; fileRef = 1793C18F1B7B699C00FCCBB8 /* LaunchScreen.xib */; };
		1793C19D1B7B699C00FCCBB8 /* __2_CollisionsTests.m in Sources */ = {isa = PBXBuildFile; fileRef = 1793C19C1B7B699C00FCCBB8 /* __2_CollisionsTests.m */; };
/* End PBXBuildFile section */

/* Begin PBXContainerItemProxy section */
		1793C1971B7B699C00FCCBB8 /* PBXContainerItemProxy */ = {
			isa = PBXContainerItemProxy;
			containerPortal = 1793C1751B7B699B00FCCBB8 /* Project object */;
			proxyType = 1;
			remoteGlobalIDString = 1793C17C1B7B699B00FCCBB8;
			remoteInfo = 2_2_Collisions;
		};
/* End PBXContainerItemProxy section */

/* Begin PBXFileReference section */
		1793C17D1B7B699B00FCCBB8 /* 2_2_Collisions.app */ = {isa = PBXFileReference; explicitFileType = wrapper.application; includeInIndex = 0; path = 2_2_Collisions.app; sourceTree = BUILT_PRODUCTS_DIR; };
		1793C1811B7B699B00FCCBB8 /* Info.plist */ = {isa = PBXFileReference; lastKnownFileType = text.plist.xml; path = Info.plist; sourceTree = "<group>"; };
		1793C1821B7B699B00FCCBB8 /* main.m */ = {isa = PBXFileReference; lastKnownFileType = sourcecode.c.objc; path = main.m; sourceTree = "<group>"; };
		1793C1841B7B699B00FCCBB8 /* AppDelegate.h */ = {isa = PBXFileReference; lastKnownFileType = sourcecode.c.h; path = AppDelegate.h; sourceTree = "<group>"; };
		1793C1851B7B699B00FCCBB8 /* AppDelegate.m */ = {isa = PBXFileReference; lastKnownFileType = sourcecode.c.objc; path = AppDelegate.m; sourceTree = "<group>"; };
		1793C1871B7B699B00FCCBB8 /* ViewController.h */ = {isa = PBXFileReference; lastKnownFileType = sourcecode.c.h; path = ViewController.h; sourceTree = "<group>"; };
		1793C1881B7B699B00FCCBB8 /* ViewController.m */ = {isa = PBXFileReference; lastKnownFileType = sourcecode.c.objc; path = ViewController.m; sourceTree = "<group>"; };
		1793C18B1B7B699C00FCCBB8 /* Base */ = {isa = PBXFileReference; lastKnownFileType = file.storyboard; name = Base; path = Base.lproj/Main.storyboard; sourceTree = "<group>"; };
		1793C18D1B7B699C00FCCBB8 /* Images.xcassets */ = {isa = PBXFileReference; lastKnownFileType = folder.assetcatalog; path = Images.xcassets; sourceTree = "<group>"; };
		1793C1901B7B699C00FCCBB8 /* Base */ = {isa = PBXFileReference; lastKnownFileType = file.xib; name = Base; path = Base.lproj/LaunchScreen.xib; sourceTree = "<group>"; };
		1793C1961B7B699C00FCCBB8 /* 2_2_CollisionsTests.xctest */ = {isa = PBXFileReference; explicitFileType = wrapper.cfbundle; includeInIndex = 0; path = 2_2_CollisionsTests.xctest; sourceTree = BUILT_PRODUCTS_DIR; };
		1793C19B1B7B699C00FCCBB8 /* Info.plist */ = {isa = PBXFileReference; lastKnownFileType = text.plist.xml; path = Info.plist; sourceTree = "<group>"; };
		1793C19C1B7B699C00FCCBB8 /* __2_CollisionsTests.m */ = {isa = PBXFileReference; lastKnownFileType = sourcecode.c.objc; path = __2_CollisionsTests.m; sourceTree = "<group>"; };
/* End PBXFileReference section */

/* Begin PBXFrameworksBuildPhase section */
		1793C17A1B7B699B00FCCBB8 /* Frameworks */ = {
			isa = PBXFrameworksBuildPhase;
			buildActionMask = 2147483647;
			files = (
			);
			runOnlyForDeploymentPostprocessing = 0;
		};
		1793C1931B7B699C00FCCBB8 /* Frameworks */ = {
			isa = PBXFrameworksBuildPhase;
			buildActionMask = 2147483647;
			files = (
			);
			runOnlyForDeploymentPostprocessing = 0;
		};
/* End PBXFrameworksBuildPhase section */

/* Begin PBXGroup section */
		1793C1741B7B699B00FCCBB8 = {
			isa = PBXGroup;
			children = (
				1793C17F1B7B699B00FCCBB8 /* 2_2_Collisions */,
				1793C1991B7B699C00FCCBB8 /* 2_2_CollisionsTests */,
				1793C17E1B7B699B00FCCBB8 /* Products */,
			);
			sourceTree = "<group>";
		};
		1793C17E1B7B699B00FCCBB8 /* Products */ = {
			isa = PBXGroup;
			children = (
				1793C17D1B7B699B00FCCBB8 /* 2_2_Collisions.app */,
				1793C1961B7B699C00FCCBB8 /* 2_2_CollisionsTests.xctest */,
			);
			name = Products;
			sourceTree = "<group>";
		};
		1793C17F1B7B699B00FCCBB8 /* 2_2_Collisions */ = {
			isa = PBXGroup;
			children = (
				1793C1841B7B699B00FCCBB8 /* AppDelegate.h */,
				1793C1851B7B699B00FCCBB8 /* AppDelegate.m */,
				1793C1871B7B699B00FCCBB8 /* ViewController.h */,
				1793C1881B7B699B00FCCBB8 /* ViewController.m */,
				1793C18A1B7B699C00FCCBB8 /* Main.storyboard */,
				1793C18D1B7B699C00FCCBB8 /* Images.xcassets */,
				1793C18F1B7B699C00FCCBB8 /* LaunchScreen.xib */,
				1793C1801B7B699B00FCCBB8 /* Supporting Files */,
			);
			path = 2_2_Collisions;
			sourceTree = "<group>";
		};
		1793C1801B7B699B00FCCBB8 /* Supporting Files */ = {
			isa = PBXGroup;
			children = (
				1793C1811B7B699B00FCCBB8 /* Info.plist */,
				1793C1821B7B699B00FCCBB8 /* main.m */,
			);
			name = "Supporting Files";
			sourceTree = "<group>";
		};
		1793C1991B7B699C00FCCBB8 /* 2_2_CollisionsTests */ = {
			isa = PBXGroup;
			children = (
				1793C19C1B7B699C00FCCBB8 /* __2_CollisionsTests.m */,
				1793C19A1B7B699C00FCCBB8 /* Supporting Files */,
			);
			path = 2_2_CollisionsTests;
			sourceTree = "<group>";
		};
		1793C19A1B7B699C00FCCBB8 /* Supporting Files */ = {
			isa = PBXGroup;
			children = (
				1793C19B1B7B699C00FCCBB8 /* Info.plist */,
			);
			name = "Supporting Files";
			sourceTree = "<group>";
		};
/* End PBXGroup section */

/* Begin PBXNativeTarget section */
		1793C17C1B7B699B00FCCBB8 /* 2_2_Collisions */ = {
			isa = PBXNativeTarget;
			buildConfigurationList = 1793C1A01B7B699C00FCCBB8 /* Build configuration list for PBXNativeTarget "2_2_Collisions" */;
			buildPhases = (
				1793C1791B7B699B00FCCBB8 /* Sources */,
				1793C17A1B7B699B00FCCBB8 /* Frameworks */,
				1793C17B1B7B699B00FCCBB8 /* Resources */,
			);
			buildRules = (
			);
			dependencies = (
			);
			name = 2_2_Collisions;
			productName = 2_2_Collisions;
			productReference = 1793C17D1B7B699B00FCCBB8 /* 2_2_Collisions.app */;
			productType = "com.apple.product-type.application";
		};
		1793C1951B7B699C00FCCBB8 /* 2_2_CollisionsTests */ = {
			isa = PBXNativeTarget;
			buildConfigurationList = 1793C1A31B7B699C00FCCBB8 /* Build configuration list for PBXNativeTarget "2_2_CollisionsTests" */;
			buildPhases = (
				1793C1921B7B699C00FCCBB8 /* Sources */,
				1793C1931B7B699C00FCCBB8 /* Frameworks */,
				1793C1941B7B699C00FCCBB8 /* Resources */,
			);
			buildRules = (
			);
			dependencies = (
				1793C1981B7B699C00FCCBB8 /* PBXTargetDependency */,
			);
			name = 2_2_CollisionsTests;
			productName = 2_2_CollisionsTests;
			productReference = 1793C1961B7B699C00FCCBB8 /* 2_2_CollisionsTests.xctest */;
			productType = "com.apple.product-type.bundle.unit-test";
		};
/* End PBXNativeTarget section */

/* Begin PBXProject section */
		1793C1751B7B699B00FCCBB8 /* Project object */ = {
			isa = PBXProject;
			attributes = {
				LastUpgradeCheck = 0640;
				ORGANIZATIONNAME = "Alex Izotov";
				TargetAttributes = {
					1793C17C1B7B699B00FCCBB8 = {
						CreatedOnToolsVersion = 6.4;
					};
					1793C1951B7B699C00FCCBB8 = {
						CreatedOnToolsVersion = 6.4;
						TestTargetID = 1793C17C1B7B699B00FCCBB8;
					};
				};
			};
			buildConfigurationList = 1793C1781B7B699B00FCCBB8 /* Build configuration list for PBXProject "2_2_Collisions" */;
			compatibilityVersion = "Xcode 3.2";
			developmentRegion = English;
			hasScannedForEncodings = 0;
			knownRegions = (
				en,
				Base,
			);
			mainGroup = 1793C1741B7B699B00FCCBB8;
			productRefGroup = 1793C17E1B7B699B00FCCBB8 /* Products */;
			projectDirPath = "";
			projectRoot = "";
			targets = (
				1793C17C1B7B699B00FCCBB8 /* 2_2_Collisions */,
				1793C1951B7B699C00FCCBB8 /* 2_2_CollisionsTests */,
			);
		};
/* End PBXProject section */

/* Begin PBXResourcesBuildPhase section */
		1793C17B1B7B699B00FCCBB8 /* Resources */ = {
			isa = PBXResourcesBuildPhase;
			buildActionMask = 2147483647;
			files = (
				1793C18C1B7B699C00FCCBB8 /* Main.storyboard in Resources */,
				1793C1911B7B699C00FCCBB8 /* LaunchScreen.xib in Resources */,
				1793C18E1B7B699C00FCCBB8 /* Images.xcassets in Resources */,
			);
			runOnlyForDeploymentPostprocessing = 0;
		};
		1793C1941B7B699C00FCCBB8 /* Resources */ = {
			isa = PBXResourcesBuildPhase;
			buildActionMask = 2147483647;
			files = (
			);
			runOnlyForDeploymentPostprocessing = 0;
		};
/* End PBXResourcesBuildPhase section */

/* Begin PBXSourcesBuildPhase section */
		1793C1791B7B699B00FCCBB8 /* Sources */ = {
			isa = PBXSourcesBuildPhase;
			buildActionMask = 2147483647;
			files = (
				1793C1891B7B699B00FCCBB8 /* ViewController.m in Sources */,
				1793C1861B7B699B00FCCBB8 /* AppDelegate.m in Sources */,
				1793C1831B7B699B00FCCBB8 /* main.m in Sources */,
			);
			runOnlyForDeploymentPostprocessing = 0;
		};
		1793C1921B7B699C00FCCBB8 /* Sources */ = {
			isa = PBXSourcesBuildPhase;
			buildActionMask = 2147483647;
			files = (
				1793C19D1B7B699C00FCCBB8 /* __2_CollisionsTests.m in Sources */,
			);
			runOnlyForDeploymentPostprocessing = 0;
		};
/* End PBXSourcesBuildPhase section */

/* Begin PBXTargetDependency section */
		1793C1981B7B699C00FCCBB8 /* PBXTargetDependency */ = {
			isa = PBXTargetDependency;
			target = 1793C17C1B7B699B00FCCBB8 /* 2_2_Collisions */;
			targetProxy = 1793C1971B7B699C00FCCBB8 /* PBXContainerItemProxy */;
		};
/* End PBXTargetDependency section */

/* Begin PBXVariantGroup section */
		1793C18A1B7B699C00FCCBB8 /* Main.storyboard */ = {
			isa = PBXVariantGroup;
			children = (
				1793C18B1B7B699C00FCCBB8 /* Base */,
			);
			name = Main.storyboard;
			sourceTree = "<group>";
		};
		1793C18F1B7B699C00FCCBB8 /* LaunchScreen.xib */ = {
			isa = PBXVariantGroup;
			children = (
				1793C1901B7B699C00FCCBB8 /* Base */,
			);
			name = LaunchScreen.xib;
			sourceTree = "<group>";
		};
/* End PBXVariantGroup section */

/* Begin XCBuildConfiguration section */
		1793C19E1B7B699C00FCCBB8 /* Debug */ = {
			isa = XCBuildConfiguration;
			buildSettings = {
				ALWAYS_SEARCH_USER_PATHS = NO;
				CLANG_CXX_LANGUAGE_STANDARD = "gnu++0x";
				CLANG_CXX_LIBRARY = "libc++";
				CLANG_ENABLE_MODULES = YES;
				CLANG_ENABLE_OBJC_ARC = YES;
				CLANG_WARN_BOOL_CONVERSION = YES;
				CLANG_WARN_CONSTANT_CONVERSION = YES;
				CLANG_WARN_DIRECT_OBJC_ISA_USAGE = YES_ERROR;
				CLANG_WARN_EMPTY_BODY = YES;
				CLANG_WARN_ENUM_CONVERSION = YES;
				CLANG_WARN_INT_CONVERSION = YES;
				CLANG_WARN_OBJC_ROOT_CLASS = YES_ERROR;
				CLANG_WARN_UNREACHABLE_CODE = YES;
				CLANG_WARN__DUPLICATE_METHOD_MATCH = YES;
				"CODE_SIGN_IDENTITY[sdk=iphoneos*]" = "iPhone Developer";
				COPY_PHASE_STRIP = NO;
				DEBUG_INFORMATION_FORMAT = "dwarf-with-dsym";
				ENABLE_STRICT_OBJC_MSGSEND = YES;
				GCC_C_LANGUAGE_STANDARD = gnu99;
				GCC_DYNAMIC_NO_PIC = NO;
				GCC_NO_COMMON_BLOCKS = YES;
				GCC_OPTIMIZATION_LEVEL = 0;
				GCC_PREPROCESSOR_DEFINITIONS = (
					"DEBUG=1",
					"$(inherited)",
				);
				GCC_SYMBOLS_PRIVATE_EXTERN = NO;
				GCC_WARN_64_TO_32_BIT_CONVERSION = YES;
				GCC_WARN_ABOUT_RETURN_TYPE = YES_ERROR;
				GCC_WARN_UNDECLARED_SELECTOR = YES;
				GCC_WARN_UNINITIALIZED_AUTOS = YES_AGGRESSIVE;
				GCC_WARN_UNUSED_FUNCTION = YES;
				GCC_WARN_UNUSED_VARIABLE = YES;
				IPHONEOS_DEPLOYMENT_TARGET = 8.4;
				MTL_ENABLE_DEBUG_INFO = YES;
				ONLY_ACTIVE_ARCH = YES;
				SDKROOT = iphoneos;
			};
			name = Debug;
		};
		1793C19F1B7B699C00FCCBB8 /* Release */ = {
			isa = XCBuildConfiguration;
			buildSettings = {
				ALWAYS_SEARCH_USER_PATHS = NO;
				CLANG_CXX_LANGUAGE_STANDARD = "gnu++0x";
				CLANG_CXX_LIBRARY = "libc++";
				CLANG_ENABLE_MODULES = YES;
				CLANG_ENABLE_OBJC_ARC = YES;
				CLANG_WARN_BOOL_CONVERSION = YES;
				CLANG_WARN_CONSTANT_CONVERSION = YES;
				CLANG_WARN_DIRECT_OBJC_ISA_USAGE = YES_ERROR;
				CLANG_WARN_EMPTY_BODY = YES;
				CLANG_WARN_ENUM_CONVERSION = YES;
				CLANG_WARN_INT_CONVERSION = YES;
				CLANG_WARN_OBJC_ROOT_CLASS = YES_ERROR;
				CLANG_WARN_UNREACHABLE_CODE = YES;
				CLANG_WARN__DUPLICATE_METHOD_MATCH = YES;
				"CODE_SIGN_IDENTITY[sdk=iphoneos*]" = "iPhone Developer";
				COPY_PHASE_STRIP = NO;
				DEBUG_INFORMATION_FORMAT = "dwarf-with-dsym";
				ENABLE_NS_ASSERTIONS = NO;
				ENABLE_STRICT_OBJC_MSGSEND = YES;
				GCC_C_LANGUAGE_STANDARD = gnu99;
				GCC_NO_COMMON_BLOCKS = YES;
				GCC_WARN_64_TO_32_BIT_CONVERSION = YES;
				GCC_WARN_ABOUT_RETURN_TYPE = YES_ERROR;
				GCC_WARN_UNDECLARED_SELECTOR = YES;
				GCC_WARN_UNINITIALIZED_AUTOS = YES_AGGRESSIVE;
				GCC_WARN_UNUSED_FUNCTION = YES;
				GCC_WARN_UNUSED_VARIABLE = YES;
				IPHONEOS_DEPLOYMENT_TARGET = 8.4;
				MTL_ENABLE_DEBUG_INFO = NO;
				SDKROOT = iphoneos;
				VALIDATE_PRODUCT = YES;
			};
			name = Release;
		};
		1793C1A11B7B699C00FCCBB8 /* Debug */ = {
			isa = XCBuildConfiguration;
			buildSettings = {
				ASSETCATALOG_COMPILER_APPICON_NAME = AppIcon;
				INFOPLIST_FILE = 2_2_Collisions/Info.plist;
				LD_RUNPATH_SEARCH_PATHS = "$(inherited) @executable_path/Frameworks";
				PRODUCT_NAME = "$(TARGET_NAME)";
			};
			name = Debug;
		};
		1793C1A21B7B699C00FCCBB8 /* Release */ = {
			isa = XCBuildConfiguration;
			buildSettings = {
				ASSETCATALOG_COMPILER_APPICON_NAME = AppIcon;
				INFOPLIST_FILE = 2_2_Collisions/Info.plist;
				LD_RUNPATH_SEARCH_PATHS = "$(inherited) @executable_path/Frameworks";
				PRODUCT_NAME = "$(TARGET_NAME)";
			};
			name = Release;
		};
		1793C1A41B7B699C00FCCBB8 /* Debug */ = {
			isa = XCBuildConfiguration;
			buildSettings = {
				BUNDLE_LOADER = "$(TEST_HOST)";
				FRAMEWORK_SEARCH_PATHS = (
					"$(SDKROOT)/Developer/Library/Frameworks",
					"$(inherited)",
				);
				GCC_PREPROCESSOR_DEFINITIONS = (
					"DEBUG=1",
					"$(inherited)",
				);
				INFOPLIST_FILE = 2_2_CollisionsTests/Info.plist;
				LD_RUNPATH_SEARCH_PATHS = "$(inherited) @executable_path/Frameworks @loader_path/Frameworks";
				PRODUCT_NAME = "$(TARGET_NAME)";
				TEST_HOST = "$(BUILT_PRODUCTS_DIR)/2_2_Collisions.app/2_2_Collisions";
			};
			name = Debug;
		};
		1793C1A51B7B699C00FCCBB8 /* Release */ = {
			isa = XCBuildConfiguration;
			buildSettings = {
				BUNDLE_LOADER = "$(TEST_HOST)";
				FRAMEWORK_SEARCH_PATHS = (
					"$(SDKROOT)/Developer/Library/Frameworks",
					"$(inherited)",
				);
				INFOPLIST_FILE = 2_2_CollisionsTests/Info.plist;
				LD_RUNPATH_SEARCH_PATHS = "$(inherited) @executable_path/Frameworks @loader_path/Frameworks";
				PRODUCT_NAME = "$(TARGET_NAME)";
				TEST_HOST = "$(BUILT_PRODUCTS_DIR)/2_2_Collisions.app/2_2_Collisions";
			};
			name = Release;
		};
/* End XCBuildConfiguration section */

/* Begin XCConfigurationList section */
		1793C1781B7B699B00FCCBB8 /* Build configuration list for PBXProject "2_2_Collisions" */ = {
			isa = XCConfigurationList;
			buildConfigurations = (
				1793C19E1B7B699C00FCCBB8 /* Debug */,
				1793C19F1B7B699C00FCCBB8 /* Release */,
			);
			defaultConfigurationIsVisible = 0;
			defaultConfigurationName = Release;
		};
		1793C1A01B7B699C00FCCBB8 /* Build configuration list for PBXNativeTarget "2_2_Collisions" */ = {
			isa = XCConfigurationList;
			buildConfigurations = (
				1793C1A11B7B699C00FCCBB8 /* Debug */,
				1793C1A21B7B699C00FCCBB8 /* Release */,
			);
			defaultConfigurationIsVisible = 0;
		};
		1793C1A31B7B699C00FCCBB8 /* Build configuration list for PBXNativeTarget "2_2_CollisionsTests" */ = {
			isa = XCConfigurationList;
			buildConfigurations = (
				1793C1A41B7B699C00FCCBB8 /* Debug */,
				1793C1A51B7B699C00FCCBB8 /* Release */,
			);
			defaultConfigurationIsVisible = 0;
		};
/* End XCConfigurationList section */
	};
	rootObject = 1793C1751B7B699B00FCCBB8 /* Project object */;
}
